
Microsoft Visual Studio Solution File, Format Version 12.00
# Visual Studio 14
VisualStudioVersion = 14.0.25420.1
MinimumVisualStudioVersion = 10.0.40219.1
Project("{888888A0-9F3D-457C-B088-3A5042F75D52}") = "Kaggle", "Kaggle.pyproj", "{C8BADE21-1FA9-40C6-A613-12BD99F90DF9}"
EndProject
Global
	GlobalSection(SolutionConfigurationPlatforms) = preSolution
		Debug|Any CPU = Debug|Any CPU
		Release|Any CPU = Release|Any CPU
	EndGlobalSection
	GlobalSection(ProjectConfigurationPlatforms) = postSolution
		{C8BADE21-1FA9-40C6-A613-12BD99F90DF9}.Debug|Any CPU.ActiveCfg = Debug|Any CPU
		{C8BADE21-1FA9-40C6-A613-12BD99F90DF9}.Release|Any CPU.ActiveCfg = Release|Any CPU
	EndGlobalSection
	GlobalSection(SolutionProperties) = preSolution
		HideSolutionNode = FALSE
	EndGlobalSection
	GlobalSection(CodealikeProperties) = postSolution
		SolutionGuid = 017266b3-d032-4388-9494-127b1eb0f592
	EndGlobalSection
EndGlobal
